<?xml version="1.0" encoding="utf-8"?>
<Project ToolsVersion="4.0" xmlns="http://schemas.microsoft.com/developer/msbuild/2003">
  <ItemGroup>
    <Filter Include="Source Files">
      <UniqueIdentifier>{4FC737F1-C7A5-4376-A066-2A32D752A2FF}</UniqueIdentifier>
      <Extensions>cpp;cxx;c;def</Extensions>
    </Filter>
    <Filter Include="Header Files">
      <UniqueIdentifier>{93995380-89BD-4b04-88EB-625FBE52EBFB}</UniqueIdentifier>
      <Extensions>h</Extensions>
    </Filter>
    <Filter Include="Form Files">
      <UniqueIdentifier>{99349809-55BA-4b9d-BF79-8FDBB0286EB3}</UniqueIdentifier>
      <Extensions>ui</Extensions>
    </Filter>
    <Filter Include="Resource Files">
      <UniqueIdentifier>{D9D6E242-F8AF-46E4-B9FD-80ECBC20BA3E}</UniqueIdentifier>
      <Extensions>qrc;*</Extensions>
      <ParseFiles>false</ParseFiles>
    </Filter>
    <Filter Include="Generated Files">
      <UniqueIdentifier>{71ED8ED8-ACB9-4CE9-BBE1-E00B30144E11}</UniqueIdentifier>
      <Extensions>moc;h;cpp</Extensions>
      <SourceControlFiles>False</SourceControlFiles>
    </Filter>
    <Filter Include="Generated Files\Debug">
      <UniqueIdentifier>{34a84f45-3f9f-4100-8238-206240bec76b}</UniqueIdentifier>
      <Extensions>cpp;moc</Extensions>
      <SourceControlFiles>False</SourceControlFiles>
    </Filter>
    <Filter Include="Generated Files\Release">
      <UniqueIdentifier>{54059f0a-1f33-48ec-8464-7906af55adda}</UniqueIdentifier>
      <Extensions>cpp;moc</Extensions>
      <SourceControlFiles>False</SourceControlFiles>
    </Filter>
    <Filter Include="Translation Files">
      <UniqueIdentifier>{639EADAA-A684-42e4-A9AD-28FC9BCB8F7C}</UniqueIdentifier>
      <Extensions>ts</Extensions>
      <ParseFiles>false</ParseFiles>
    </Filter>
  </ItemGroup>
  <ItemGroup>
    <ClCompile Include="main.cpp">
      <Filter>Source Files</Filter>
    </ClCompile>
    <ClCompile Include="qquicklookcamera.cpp">
      <Filter>Source Files</Filter>
    </ClCompile>
    <ClCompile Include="GeneratedFiles\Debug\moc_qquicklookcamera.cpp">
      <Filter>Generated Files\Debug</Filter>
    </ClCompile>
    <ClCompile Include="GeneratedFiles\Release\moc_qquicklookcamera.cpp">
      <Filter>Generated Files\Release</Filter>
    </ClCompile>
    <ClCompile Include="GeneratedFiles\qrc_qquicklookcamera.cpp">
      <Filter>Generated Files</Filter>
    </ClCompile>
    <ClCompile Include="QData\CirQueue.cpp">
      <Filter>Source Files</Filter>
    </ClCompile>
    <ClCompile Include="QData\FeaturesOfDataItem.cpp">
      <Filter>Source Files</Filter>
    </ClCompile>
    <ClCompile Include="QData\IBuffer.cpp">
      <Filter>Source Files</Filter>
    </ClCompile>
    <ClCompile Include="QData\IDataItem.cpp">
      <Filter>Source Files</Filter>
    </ClCompile>
    <ClCompile Include="QData\IDataProcessUnit.cpp">
      <Filter>Source Files</Filter>
    </ClCompile>
    <ClCompile Include="QData\InputCMOS.cpp">
      <Filter>Source Files</Filter>
    </ClCompile>
    <ClCompile Include="QView\IWindowItem.cpp">
      <Filter>Source Files</Filter>
    </ClCompile>
    <ClCompile Include="QView\Utility\Pixel8To32.cpp">
      <Filter>Source Files</Filter>
    </ClCompile>
    <ClCompile Include="QView\Utility\Pixel16To32.cpp">
      <Filter>Source Files</Filter>
    </ClCompile>
    <ClCompile Include="QView\Utility\PixelConvertor.cpp">
      <Filter>Source Files</Filter>
    </ClCompile>
    <ClCompile Include="SaveFile\SaveToFile.cpp">
      <Filter>Source Files</Filter>
    </ClCompile>
    <ClCompile Include="SaveFile\SaveToBmp24.cpp">
      <Filter>Source Files</Filter>
    </ClCompile>
    <ClCompile Include="SaveFile\SaveToBmpGray.cpp">
      <Filter>Source Files</Filter>
    </ClCompile>
    <ClCompile Include="myclass.cpp">
      <Filter>Source Files</Filter>
    </ClCompile>
    <ClCompile Include="GeneratedFiles\Debug\moc_myclass.cpp">
      <Filter>Generated Files\Debug</Filter>
    </ClCompile>
    <ClCompile Include="GeneratedFiles\Release\moc_myclass.cpp">
      <Filter>Generated Files\Release</Filter>
    </ClCompile>
    <ClCompile Include="QData\RotatedImageDataItem.cpp">
      <Filter>Source Files</Filter>
    </ClCompile>
    <ClCompile Include="QData\ImageDataItem.cpp">
      <Filter>Source Files</Filter>
    </ClCompile>
    <ClCompile Include="QView\Utility\PixelBayerToRGB.cpp">
      <Filter>Source Files</Filter>
    </ClCompile>
    <ClCompile Include="QData\ZoomedImageDataItem.cpp">
      <Filter>Source Files</Filter>
    </ClCompile>
    <ClCompile Include="GeneratedFiles\Debug\moc_ImageWindowItem.cpp">
      <Filter>Generated Files\Debug</Filter>
    </ClCompile>
    <ClCompile Include="GeneratedFiles\Release\moc_ImageWindowItem.cpp">
      <Filter>Generated Files\Release</Filter>
    </ClCompile>
    <ClCompile Include="QView\ImageMagnifierItem.cpp">
      <Filter>Source Files</Filter>
    </ClCompile>
    <ClCompile Include="GeneratedFiles\Debug\moc_ImageMagnifierItem.cpp">
      <Filter>Generated Files\Debug</Filter>
    </ClCompile>
    <ClCompile Include="GeneratedFiles\Release\moc_ImageMagnifierItem.cpp">
      <Filter>Generated Files\Release</Filter>
    </ClCompile>
    <ClCompile Include="QView\ImageWindowItem.cpp">
      <Filter>Source Files</Filter>
    </ClCompile>
    <ClCompile Include="Instruction\InstructionProxy.cpp">
      <Filter>Source Files</Filter>
    </ClCompile>
    <ClCompile Include="Instruction\InstructionUnit.cpp">
      <Filter>Source Files</Filter>
    </ClCompile>
    <ClCompile Include="Instruction\semaphore.cpp">
      <Filter>Source Files</Filter>
    </ClCompile>
    <ClCompile Include="Instruction\AECRunInstruction.cpp">
      <Filter>Source Files</Filter>
    </ClCompile>
    <ClCompile Include="Instruction\StopInstruction.cpp">
      <Filter>Source Files</Filter>
    </ClCompile>
    <ClCompile Include="Instruction\SetDgInstruction.cpp">
      <Filter>Source Files</Filter>
    </ClCompile>
    <ClCompile Include="Instruction\SetAgCgInstruction.cpp">
      <Filter>Source Files</Filter>
    </ClCompile>
    <ClCompile Include="Instruction\SetFPSInstruction.cpp">
      <Filter>Source Files</Filter>
    </ClCompile>
    <ClCompile Include="Instruction\SetExpoTimeInstruction.cpp">
      <Filter>Source Files</Filter>
    </ClCompile>
  </ItemGroup>
  <ItemGroup>
    <CustomBuild Include="qquicklookcamera.h">
      <Filter>Header Files</Filter>
    </CustomBuild>
    <CustomBuild Include="qquicklookcamera.qrc">
      <Filter>Resource Files</Filter>
    </CustomBuild>
    <CustomBuild Include="myclass.h">
      <Filter>Header Files</Filter>
    </CustomBuild>
    <CustomBuild Include="QView\ImageWindowItem.h">
      <Filter>Header Files</Filter>
    </CustomBuild>
    <CustomBuild Include="QView\ImageMagnifierItem.h">
      <Filter>Header Files</Filter>
    </CustomBuild>
  </ItemGroup>
  <ItemGroup>
    <ClInclude Include="QData\CirQueue.h">
      <Filter>Header Files</Filter>
    </ClInclude>
    <ClInclude Include="QData\FeaturesOfDataItem.h">
      <Filter>Header Files</Filter>
    </ClInclude>
    <ClInclude Include="QData\IBuffer.h">
      <Filter>Header Files</Filter>
    </ClInclude>
    <ClInclude Include="QData\IDataItem.h">
      <Filter>Header Files</Filter>
    </ClInclude>
    <ClInclude Include="QData\IDataProcessUnit.h">
      <Filter>Header Files</Filter>
    </ClInclude>
    <ClInclude Include="QData\initsock.h">
      <Filter>Header Files</Filter>
    </ClInclude>
    <ClInclude Include="QData\InputCMOS.h">
      <Filter>Header Files</Filter>
    </ClInclude>
    <ClInclude Include="QView\IWindowItem.h">
      <Filter>Header Files</Filter>
    </ClInclude>
    <ClInclude Include="QView\Utility\Pixel8To32.h">
      <Filter>Header Files</Filter>
    </ClInclude>
    <ClInclude Include="QView\Utility\Pixel16To32.h">
      <Filter>Header Files</Filter>
    </ClInclude>
    <ClInclude Include="QView\Utility\PixelConvertor.h">
      <Filter>Header Files</Filter>
    </ClInclude>
    <ClInclude Include="SaveFile\SaveToFile.h">
      <Filter>Header Files</Filter>
    </ClInclude>
    <ClInclude Include="SaveFile\SaveToBmp24.h">
      <Filter>Header Files</Filter>
    </ClInclude>
    <ClInclude Include="SaveFile\SaveToBmpGray.h">
      <Filter>Header Files</Filter>
    </ClInclude>
    <ClInclude Include="QData\RotatedImageDataItem.h">
      <Filter>Header Files</Filter>
    </ClInclude>
    <ClInclude Include="QData\ImageDataItem.h">
      <Filter>Header Files</Filter>
    </ClInclude>
    <ClInclude Include="QView\Utility\PixelBayerToRGB.h">
      <Filter>Header Files</Filter>
    </ClInclude>
    <ClInclude Include="QData\ZoomedImageDataItem.h">
      <Filter>Header Files</Filter>
    </ClInclude>
    <ClInclude Include="Instruction\InstructionProxy.h">
      <Filter>Header Files</Filter>
    </ClInclude>
    <ClInclude Include="Instruction\InstructionUnit.h">
      <Filter>Header Files</Filter>
    </ClInclude>
    <ClInclude Include="Instruction\semaphore.h">
      <Filter>Header Files</Filter>
    </ClInclude>
    <ClInclude Include="Instruction\AECRunInstruction.h">
      <Filter>Header Files</Filter>
    </ClInclude>
    <ClInclude Include="Instruction\StopInstruction.h">
      <Filter>Header Files</Filter>
    </ClInclude>
    <ClInclude Include="Instruction\SetDgInstruction.h">
      <Filter>Header Files</Filter>
    </ClInclude>
    <ClInclude Include="Instruction\SetAgCgInstruction.h">
      <Filter>Header Files</Filter>
    </ClInclude>
    <ClInclude Include="Instruction\SetFPSInstruction.h">
      <Filter>Header Files</Filter>
    </ClInclude>
    <ClInclude Include="Instruction\SetExpoTimeInstruction.h">
      <Filter>Header Files</Filter>
    </ClInclude>
  </ItemGroup>
  <ItemGroup>
    <Image Include="realtime.png" />
  </ItemGroup>
  <ItemGroup>
    <None Include="QquickLookCamera.pri" />
    <None Include="QquickLookCamera.pro" />
    <None Include="qquicklookcamera_zh.ts">
      <Filter>Translation Files</Filter>
    </None>
    <None Include="qquicklookcamera_zh.qm" />
  </ItemGroup>
</Project>